hash: 350d49eb40d32e49396a890f441fa82b9bc836109b47cf92d840944792dea45a
updated: 2017-07-01T14:25:33.718941718+01:00
imports:
- name: cloud.google.com/go
  version: b4e9a381a01e953e880e6d2cf7fd02d412977cae
  subpackages:
  - iam
  - internal
  - pubsub
- name: github.com/gogo/protobuf
  version: c0656edd0d9eab7c66d1eb0c568f9039345796f7
  subpackages:
  - gogoproto
  - plugin/testgen
  - protoc-gen-gogo/descriptor
  - protoc-gen-gogo/generator
  - sortkeys
- name: github.com/gorilla/mux
  version: e444e69cbd2e2e3e0749a2f3c717cec491552bbf
- name: github.com/Masterminds/semver
  version: abff1900528dbdaf6f3f5aa92c398be1eaf2a9f7
- name: github.com/urfave/negroni
  version: 460c5567329bbad8917f126d2b386787f48e343b
- name: golang.org/x/net
  version: 4876518f9e71663000c348837735820161a42df7
  subpackages:
  - context
  - oauth2
- name: google.golang.org/api
  version: 324744a33f1f37e63dd1695cfb3ec9a3e4a1cb05
  subpackages:
  - iterator
  - option
  - support
  - transport
- name: google.golang.org/grpc
  version: a94a7ac054dc76e5ab6cf170a9d82faba8aaf33f
  subpackages:
  - status
- name: k8s.io/apimachinery
  version: 75b8dd260ef0469d96d578705a87cffd0e09dab8
  subpackages:
  - pkg/apis/meta/v1
- name: k8s.io/client-go
  version: 3627aeb7d4f6ade38f995d2c923e459146493c7e
  subpackages:
  - kubernetes
  - pkg/api/v1
  - pkg/apis/extensions/v1beta1
  - rest
  - tools/clientcmd
testImports: []
